
Microsoft Visual Studio Solution File, Format Version 12.00
# Visual Studio 2012
Project("{FAE04EC0-301F-11D3-BF4B-00C04F79EFBC}") = "SymbSearch", "SymbSearch\SymbSearch.csproj", "{98B7C182-8B14-4414-9C2A-93B81A4A9F5B}"
EndProject
Global
	GlobalSection(SolutionConfigurationPlatforms) = preSolution
		Debug|x86 = Debug|x86
		Release|x86 = Release|x86
	EndGlobalSection
	GlobalSection(ProjectConfigurationPlatforms) = postSolution
		{98B7C182-8B14-4414-9C2A-93B81A4A9F5B}.Debug|x86.ActiveCfg = Debug|x86
		{98B7C182-8B14-4414-9C2A-93B81A4A9F5B}.Debug|x86.Build.0 = Debug|x86
		{98B7C182-8B14-4414-9C2A-93B81A4A9F5B}.Release|x86.ActiveCfg = Release|x86
		{98B7C182-8B14-4414-9C2A-93B81A4A9F5B}.Release|x86.Build.0 = Release|x86
	EndGlobalSection
EndGlobal
